
Microsoft Visual Studio Solution File, Format Version 12.00
# Visual Studio Version 17
VisualStudioVersion = 17.9.34728.123
MinimumVisualStudioVersion = 10.0.40219.1
Project("{FAE04EC0-301F-11D3-BF4B-00C04F79EFBC}") = "SFmodule12", "SFmodule12\SFmodule12.csproj", "{3FCDF12C-60EE-4539-BF00-F3982EA5E213}"
EndProject
Global
	GlobalSection(SolutionConfigurationPlatforms) = preSolution
		Debug|Any CPU = Debug|Any CPU
		Release|Any CPU = Release|Any CPU
	EndGlobalSection
	GlobalSection(ProjectConfigurationPlatforms) = postSolution
		{3FCDF12C-60EE-4539-BF00-F3982EA5E213}.Debug|Any CPU.ActiveCfg = Debug|Any CPU
		{3FCDF12C-60EE-4539-BF00-F3982EA5E213}.Debug|Any CPU.Build.0 = Debug|Any CPU
		{3FCDF12C-60EE-4539-BF00-F3982EA5E213}.Release|Any CPU.ActiveCfg = Release|Any CPU
		{3FCDF12C-60EE-4539-BF00-F3982EA5E213}.Release|Any CPU.Build.0 = Release|Any CPU
	EndGlobalSection
	GlobalSection(SolutionProperties) = preSolution
		HideSolutionNode = FALSE
	EndGlobalSection
	GlobalSection(ExtensibilityGlobals) = postSolution
		SolutionGuid = {DB40A4E4-B7E2-4907-92B5-98EFD9A8F657}
	EndGlobalSection
EndGlobal
